
Microsoft Visual Studio Solution File, Format Version 12.00
# Visual Studio Version 16
VisualStudioVersion = 16.0.30907.101
MinimumVisualStudioVersion = 10.0.40219.1
Project("{FAE04EC0-301F-11D3-BF4B-00C04F79EFBC}") = "Apartment_automation", "Apartment_automation.csproj", "{F3B60711-4D20-498A-B0CB-E4E2297775B7}"
EndProject
Global
	GlobalSection(SolutionConfigurationPlatforms) = preSolution
		Debug|Any CPU = Debug|Any CPU
		Release|Any CPU = Release|Any CPU
	EndGlobalSection
	GlobalSection(ProjectConfigurationPlatforms) = postSolution
		{F3B60711-4D20-498A-B0CB-E4E2297775B7}.Debug|Any CPU.ActiveCfg = Debug|Any CPU
		{F3B60711-4D20-498A-B0CB-E4E2297775B7}.Debug|Any CPU.Build.0 = Debug|Any CPU
		{F3B60711-4D20-498A-B0CB-E4E2297775B7}.Release|Any CPU.ActiveCfg = Release|Any CPU
		{F3B60711-4D20-498A-B0CB-E4E2297775B7}.Release|Any CPU.Build.0 = Release|Any CPU
	EndGlobalSection
	GlobalSection(SolutionProperties) = preSolution
		HideSolutionNode = FALSE
	EndGlobalSection
	GlobalSection(ExtensibilityGlobals) = postSolution
		SolutionGuid = {10E11C42-B04F-4C8B-B4AA-B51B04040246}
	EndGlobalSection
EndGlobal
